
Microsoft Visual Studio Solution File, Format Version 12.00
# Visual Studio Version 16
VisualStudioVersion = 16.0.30320.27
MinimumVisualStudioVersion = 10.0.40219.1
Project("{FAE04EC0-301F-11D3-BF4B-00C04F79EFBC}") = "Interest", "Interest\Interest.csproj", "{A72B7847-0A86-4614-886D-2FDC8D13B6B6}"
EndProject
Global
	GlobalSection(SolutionConfigurationPlatforms) = preSolution
		Debug|Any CPU = Debug|Any CPU
		Release|Any CPU = Release|Any CPU
	EndGlobalSection
	GlobalSection(ProjectConfigurationPlatforms) = postSolution
		{A72B7847-0A86-4614-886D-2FDC8D13B6B6}.Debug|Any CPU.ActiveCfg = Debug|Any CPU
		{A72B7847-0A86-4614-886D-2FDC8D13B6B6}.Debug|Any CPU.Build.0 = Debug|Any CPU
		{A72B7847-0A86-4614-886D-2FDC8D13B6B6}.Release|Any CPU.ActiveCfg = Release|Any CPU
		{A72B7847-0A86-4614-886D-2FDC8D13B6B6}.Release|Any CPU.Build.0 = Release|Any CPU
	EndGlobalSection
	GlobalSection(SolutionProperties) = preSolution
		HideSolutionNode = FALSE
	EndGlobalSection
	GlobalSection(ExtensibilityGlobals) = postSolution
		SolutionGuid = {19908542-9412-4712-890A-CFD0EA015B92}
	EndGlobalSection
EndGlobal
